
Microsoft Visual Studio Solution File, Format Version 12.00
# Visual Studio 2017
Project("{FAE04EC0-301F-11D3-BF4B-00C04F79EFBC}") = "BattleCity", "BattleCity.csproj", "{B66F88E7-53AD-3E73-61C0-9F49119C8BC0}"
EndProject
Global
	GlobalSection(SolutionConfigurationPlatforms) = preSolution
		Debug|Any CPU = Debug|Any CPU
		Release|Any CPU = Release|Any CPU
	EndGlobalSection
	GlobalSection(ProjectConfigurationPlatforms) = postSolution
		{B66F88E7-53AD-3E73-61C0-9F49119C8BC0}.Debug|Any CPU.ActiveCfg = Debug|Any CPU
		{B66F88E7-53AD-3E73-61C0-9F49119C8BC0}.Debug|Any CPU.Build.0 = Debug|Any CPU
		{B66F88E7-53AD-3E73-61C0-9F49119C8BC0}.Release|Any CPU.ActiveCfg = Release|Any CPU
		{B66F88E7-53AD-3E73-61C0-9F49119C8BC0}.Release|Any CPU.Build.0 = Release|Any CPU
	EndGlobalSection
	GlobalSection(SolutionProperties) = preSolution
		HideSolutionNode = FALSE
	EndGlobalSection
EndGlobal
